
Microsoft Visual Studio Solution File, Format Version 12.00
# Visual Studio Version 16
VisualStudioVersion = 16.0.29418.71
MinimumVisualStudioVersion = 10.0.40219.1
Project("{FAE04EC0-301F-11D3-BF4B-00C04F79EFBC}") = "Paddle_API", "Paddle_API\Paddle_API.csproj", "{67D3A422-6526-4CA8-AA09-CA7C7EA2CF3F}"
EndProject
Global
	GlobalSection(SolutionConfigurationPlatforms) = preSolution
		Debug|Any CPU = Debug|Any CPU
		Release|Any CPU = Release|Any CPU
	EndGlobalSection
	GlobalSection(ProjectConfigurationPlatforms) = postSolution
		{67D3A422-6526-4CA8-AA09-CA7C7EA2CF3F}.Debug|Any CPU.ActiveCfg = Debug|Any CPU
		{67D3A422-6526-4CA8-AA09-CA7C7EA2CF3F}.Debug|Any CPU.Build.0 = Debug|Any CPU
		{67D3A422-6526-4CA8-AA09-CA7C7EA2CF3F}.Release|Any CPU.ActiveCfg = Release|Any CPU
		{67D3A422-6526-4CA8-AA09-CA7C7EA2CF3F}.Release|Any CPU.Build.0 = Release|Any CPU
	EndGlobalSection
	GlobalSection(SolutionProperties) = preSolution
		HideSolutionNode = FALSE
	EndGlobalSection
	GlobalSection(ExtensibilityGlobals) = postSolution
		SolutionGuid = {86DE65A9-1BB5-4946-8C8C-DFD5BBC12B47}
	EndGlobalSection
EndGlobal
